PODS:
  - AMap3DMap-NO-IDFA (4.6.1):
    - AMapFoundation-NO-IDFA (~> 1.3)
  - AMapFoundation-NO-IDFA (1.3.4)
  - AMapLocation-NO-IDFA (2.3.1):
    - AMapFoundation-NO-IDFA (~> 1.3)
  - AMapSearch-NO-IDFA (4.5.0):
    - AMapFoundation-NO-IDFA (~> 1.2)
  - Masonry (1.0.2)
  - MJRefresh (3.1.12)

DEPENDENCIES:
  - AMap3DMap-NO-IDFA (~> 4.6.1)
  - AMapLocation-NO-IDFA (~> 2.3.0)
  - AMapSearch-NO-IDFA (~> 4.5.0)
  - Masonry (~> 1.0.2)
  - MJRefresh (~> 3.1.12)

SPEC CHECKSUMS:
  AMap3DMap-NO-IDFA: 4a1efafcebe244f80e923931c2f35e3929197283
  AMapFoundation-NO-IDFA: 56b42e67233c8a883cfd448d94c4cb7380080741
  AMapLocation-NO-IDFA: 7df5ab4b618d96665551afb0c6426f79db72a4a6
  AMapSearch-NO-IDFA: c14f82f9f06533b033da001c94077c50d48cee25
  Masonry: 7c429b56da9d4ee0bbb3ed77a5ea710d6a5df39e
  MJRefresh: b96cdb21c4aa75a7b07654311ab2f315c497e806

PODFILE CHECKSUM: e08320783924b7e5b0345579db4900eb84439ba6

COCOAPODS: 1.2.0
